
Microsoft Visual Studio Solution File, Format Version 12.00
# Visual Studio Version 17
VisualStudioVersion = 17.4.33006.217
MinimumVisualStudioVersion = 10.0.40219.1
Project("{9A19103F-16F7-4668-BE54-9A1E7A4F7556}") = "Database.Aniki", "Database.Aniki\Database.Aniki.csproj", "{F9F4BB4C-CCE3-487C-A009-5E0732B9636F}"
EndProject
Project("{9A19103F-16F7-4668-BE54-9A1E7A4F7556}") = "Database.Aniki.SqlServer", "Database.Aniki.SqlServer\Database.Aniki.SqlServer.csproj", "{D9E49EBA-2A8E-4022-85D6-18A36E6827AF}"
EndProject
Project("{9A19103F-16F7-4668-BE54-9A1E7A4F7556}") = "Database.Aniki.PostgreSQL", "Database.Aniki.PostgreSQL\Database.Aniki.PostgreSQL.csproj", "{0A64FBFE-620F-4D38-8602-8F9951046F42}"
EndProject
Project("{9A19103F-16F7-4668-BE54-9A1E7A4F7556}") = "Database.Aniki.Demo", "Database.Aniki.Demo\Database.Aniki.Demo.csproj", "{274D6B17-714F-4941-9857-589A3B3D6A96}"
EndProject
Project("{9A19103F-16F7-4668-BE54-9A1E7A4F7556}") = "Database.Aniki.Test", "Database.Aniki.Test\Database.Aniki.Test.csproj", "{3B68B49F-B0DC-436B-92C3-3CED4CA02CB3}"
EndProject
Project("{FAE04EC0-301F-11D3-BF4B-00C04F79EFBC}") = "Database.Aniki.MongoDb", "Database.Aniki.MongoDb\Database.Aniki.MongoDb.csproj", "{A5081E97-060B-446D-9026-00C102AC3E88}"
EndProject
Global
	GlobalSection(SolutionConfigurationPlatforms) = preSolution
		Debug|Any CPU = Debug|Any CPU
		Release|Any CPU = Release|Any CPU
	EndGlobalSection
	GlobalSection(ProjectConfigurationPlatforms) = postSolution
		{F9F4BB4C-CCE3-487C-A009-5E0732B9636F}.Debug|Any CPU.ActiveCfg = Debug|Any CPU
		{F9F4BB4C-CCE3-487C-A009-5E0732B9636F}.Debug|Any CPU.Build.0 = Debug|Any CPU
		{F9F4BB4C-CCE3-487C-A009-5E0732B9636F}.Release|Any CPU.ActiveCfg = Release|Any CPU
		{F9F4BB4C-CCE3-487C-A009-5E0732B9636F}.Release|Any CPU.Build.0 = Release|Any CPU
		{D9E49EBA-2A8E-4022-85D6-18A36E6827AF}.Debug|Any CPU.ActiveCfg = Debug|Any CPU
		{D9E49EBA-2A8E-4022-85D6-18A36E6827AF}.Debug|Any CPU.Build.0 = Debug|Any CPU
		{D9E49EBA-2A8E-4022-85D6-18A36E6827AF}.Release|Any CPU.ActiveCfg = Release|Any CPU
		{D9E49EBA-2A8E-4022-85D6-18A36E6827AF}.Release|Any CPU.Build.0 = Release|Any CPU
		{0A64FBFE-620F-4D38-8602-8F9951046F42}.Debug|Any CPU.ActiveCfg = Debug|Any CPU
		{0A64FBFE-620F-4D38-8602-8F9951046F42}.Debug|Any CPU.Build.0 = Debug|Any CPU
		{0A64FBFE-620F-4D38-8602-8F9951046F42}.Release|Any CPU.ActiveCfg = Release|Any CPU
		{0A64FBFE-620F-4D38-8602-8F9951046F42}.Release|Any CPU.Build.0 = Release|Any CPU
		{274D6B17-714F-4941-9857-589A3B3D6A96}.Debug|Any CPU.ActiveCfg = Debug|Any CPU
		{274D6B17-714F-4941-9857-589A3B3D6A96}.Debug|Any CPU.Build.0 = Debug|Any CPU
		{274D6B17-714F-4941-9857-589A3B3D6A96}.Release|Any CPU.ActiveCfg = Release|Any CPU
		{274D6B17-714F-4941-9857-589A3B3D6A96}.Release|Any CPU.Build.0 = Release|Any CPU
		{3B68B49F-B0DC-436B-92C3-3CED4CA02CB3}.Debug|Any CPU.ActiveCfg = Debug|Any CPU
		{3B68B49F-B0DC-436B-92C3-3CED4CA02CB3}.Debug|Any CPU.Build.0 = Debug|Any CPU
		{3B68B49F-B0DC-436B-92C3-3CED4CA02CB3}.Release|Any CPU.ActiveCfg = Release|Any CPU
		{3B68B49F-B0DC-436B-92C3-3CED4CA02CB3}.Release|Any CPU.Build.0 = Release|Any CPU
		{A5081E97-060B-446D-9026-00C102AC3E88}.Debug|Any CPU.ActiveCfg = Debug|Any CPU
		{A5081E97-060B-446D-9026-00C102AC3E88}.Debug|Any CPU.Build.0 = Debug|Any CPU
		{A5081E97-060B-446D-9026-00C102AC3E88}.Release|Any CPU.ActiveCfg = Release|Any CPU
		{A5081E97-060B-446D-9026-00C102AC3E88}.Release|Any CPU.Build.0 = Release|Any CPU
	EndGlobalSection
	GlobalSection(SolutionProperties) = preSolution
		HideSolutionNode = FALSE
	EndGlobalSection
	GlobalSection(ExtensibilityGlobals) = postSolution
		SolutionGuid = {045A3B7E-719F-4177-ACE2-28DA4F27D593}
	EndGlobalSection
EndGlobal
