
Microsoft Visual Studio Solution File, Format Version 12.00
# Visual Studio Version 17
VisualStudioVersion = 17.4.33006.217
MinimumVisualStudioVersion = 10.0.40219.1
Project("{FAE04EC0-301F-11D3-BF4B-00C04F79EFBC}") = "Database.Aniki", "Database.Aniki\Database.Aniki.csproj", "{F9F4BB4C-CCE3-487C-A009-5E0732B9636F}"
EndProject
Global
	GlobalSection(SolutionConfigurationPlatforms) = preSolution
		Debug|Any CPU = Debug|Any CPU
		Release|Any CPU = Release|Any CPU
	EndGlobalSection
	GlobalSection(ProjectConfigurationPlatforms) = postSolution
		{F9F4BB4C-CCE3-487C-A009-5E0732B9636F}.Debug|Any CPU.ActiveCfg = Debug|Any CPU
		{F9F4BB4C-CCE3-487C-A009-5E0732B9636F}.Debug|Any CPU.Build.0 = Debug|Any CPU
		{F9F4BB4C-CCE3-487C-A009-5E0732B9636F}.Release|Any CPU.ActiveCfg = Release|Any CPU
		{F9F4BB4C-CCE3-487C-A009-5E0732B9636F}.Release|Any CPU.Build.0 = Release|Any CPU
	EndGlobalSection
	GlobalSection(SolutionProperties) = preSolution
		HideSolutionNode = FALSE
	EndGlobalSection
	GlobalSection(ExtensibilityGlobals) = postSolution
		SolutionGuid = {045A3B7E-719F-4177-ACE2-28DA4F27D593}
	EndGlobalSection
EndGlobal
